
Microsoft Visual Studio Solution File, Format Version 12.00
# Visual Studio Express 2013 for Windows Desktop
VisualStudioVersion = 12.0.30723.0
MinimumVisualStudioVersion = 10.0.40219.1
Project("{8BC9CEB8-8B4A-11D0-8D11-00A0C91BC942}") = "Project11", "Project11\Project11.vcxproj", "{B6DCC5B4-E005-44C4-B130-DE3260B03EDB}"
EndProject
Global
	GlobalSection(SolutionConfigurationPlatforms) = preSolution
		Debug|Win32 = Debug|Win32
		Release|Win32 = Release|Win32
	EndGlobalSection
	GlobalSection(ProjectConfigurationPlatforms) = postSolution
		{B6DCC5B4-E005-44C4-B130-DE3260B03EDB}.Debug|Win32.ActiveCfg = Debug|Win32
		{B6DCC5B4-E005-44C4-B130-DE3260B03EDB}.Debug|Win32.Build.0 = Debug|Win32
		{B6DCC5B4-E005-44C4-B130-DE3260B03EDB}.Release|Win32.ActiveCfg = Release|Win32
		{B6DCC5B4-E005-44C4-B130-DE3260B03EDB}.Release|Win32.Build.0 = Release|Win32
	EndGlobalSection
	GlobalSection(SolutionProperties) = preSolution
		HideSolutionNode = FALSE
	EndGlobalSection
EndGlobal
