
Microsoft Visual Studio Solution File, Format Version 12.00
# Visual Studio 2012
Project("{FAE04EC0-301F-11D3-BF4B-00C04F79EFBC}") = "Project_1_RCA_V1.0", "Project_1_RCA_V1.0\Project_1_RCA_V1.0.csproj", "{67D1A803-C011-4FE0-945A-E163BCC76939}"
EndProject
Global
	GlobalSection(SolutionConfigurationPlatforms) = preSolution
		Debug|Any CPU = Debug|Any CPU
		Release|Any CPU = Release|Any CPU
	EndGlobalSection
	GlobalSection(ProjectConfigurationPlatforms) = postSolution
		{67D1A803-C011-4FE0-945A-E163BCC76939}.Debug|Any CPU.ActiveCfg = Debug|Any CPU
		{67D1A803-C011-4FE0-945A-E163BCC76939}.Debug|Any CPU.Build.0 = Debug|Any CPU
		{67D1A803-C011-4FE0-945A-E163BCC76939}.Release|Any CPU.ActiveCfg = Release|Any CPU
		{67D1A803-C011-4FE0-945A-E163BCC76939}.Release|Any CPU.Build.0 = Release|Any CPU
	EndGlobalSection
	GlobalSection(SolutionProperties) = preSolution
		HideSolutionNode = FALSE
	EndGlobalSection
EndGlobal
