
Microsoft Visual Studio Solution File, Format Version 12.00
# Visual Studio 2012
Project("{FAE04EC0-301F-11D3-BF4B-00C04F79EFBC}") = "Lab_07_RCA_v1.0", "Lab_07_RCA_v1.0\Lab_07_RCA_v1.0.csproj", "{EC33822A-23DE-4A66-8AAF-BFA51D2ABDC4}"
EndProject
Global
	GlobalSection(SolutionConfigurationPlatforms) = preSolution
		Debug|Any CPU = Debug|Any CPU
		Release|Any CPU = Release|Any CPU
	EndGlobalSection
	GlobalSection(ProjectConfigurationPlatforms) = postSolution
		{EC33822A-23DE-4A66-8AAF-BFA51D2ABDC4}.Debug|Any CPU.ActiveCfg = Debug|Any CPU
		{EC33822A-23DE-4A66-8AAF-BFA51D2ABDC4}.Debug|Any CPU.Build.0 = Debug|Any CPU
		{EC33822A-23DE-4A66-8AAF-BFA51D2ABDC4}.Release|Any CPU.ActiveCfg = Release|Any CPU
		{EC33822A-23DE-4A66-8AAF-BFA51D2ABDC4}.Release|Any CPU.Build.0 = Release|Any CPU
	EndGlobalSection
	GlobalSection(SolutionProperties) = preSolution
		HideSolutionNode = FALSE
	EndGlobalSection
EndGlobal
