
Microsoft Visual Studio Solution File, Format Version 12.00
# Visual Studio 2012
Project("{FAE04EC0-301F-11D3-BF4B-00C04F79EFBC}") = "Lab_19_RCA_V1.0", "Lab_19_RCA_V1.0\Lab_19_RCA_V1.0.csproj", "{DAB1B6F2-47F2-4DEE-A9EF-B45203840EBB}"
EndProject
Global
	GlobalSection(SolutionConfigurationPlatforms) = preSolution
		Debug|Any CPU = Debug|Any CPU
		Release|Any CPU = Release|Any CPU
	EndGlobalSection
	GlobalSection(ProjectConfigurationPlatforms) = postSolution
		{DAB1B6F2-47F2-4DEE-A9EF-B45203840EBB}.Debug|Any CPU.ActiveCfg = Debug|Any CPU
		{DAB1B6F2-47F2-4DEE-A9EF-B45203840EBB}.Debug|Any CPU.Build.0 = Debug|Any CPU
		{DAB1B6F2-47F2-4DEE-A9EF-B45203840EBB}.Release|Any CPU.ActiveCfg = Release|Any CPU
		{DAB1B6F2-47F2-4DEE-A9EF-B45203840EBB}.Release|Any CPU.Build.0 = Release|Any CPU
	EndGlobalSection
	GlobalSection(SolutionProperties) = preSolution
		HideSolutionNode = FALSE
	EndGlobalSection
EndGlobal
